{
  "name": "ext-iconset-typo3",
  "version": "1.0.0",
  "lockfileVersion": 3,
  "requires": true,
  "packages": {
    "": {
      "name": "ext-iconset-typo3",
      "version": "1.0.0",
      "dependencies": {
        "@typo3/icons": "^4.3.3"
      }
    },
    "node_modules/@typo3/icons": {
      "version": "4.3.3",
      "resolved": "https://registry.npmjs.org/@typo3/icons/-/icons-4.3.3.tgz",
      "integrity": "sha512-DAaZ2VBswumWuewG0Vgvly2xXAAp17hwmNkFDyEQt8ZymDa+d3LT0gCbJbXItRuW5RYaY+npWeVolF6V3jSLwQ==",
      "license": "MIT"
    }
  }
}
