{
  "name": "ext-iconset-typo3",
  "version": "1.0.0",
  "lockfileVersion": 3,
  "requires": true,
  "packages": {
    "": {
      "name": "ext-iconset-typo3",
      "version": "1.0.0",
      "dependencies": {
        "@typo3/icons": "^4.0.0"
      }
    },
    "node_modules/@typo3/icons": {
      "version": "4.0.0",
      "resolved": "https://registry.npmjs.org/@typo3/icons/-/icons-4.0.0.tgz",
      "integrity": "sha512-pXJogQKQ5E1mQqYaRzibt/kAfG+AW1kqS1AY0gjJY5YRcn3Li4Y9ogqbPUswIJWfp4REk1YBeNQ04rWODGfgHA=="
    }
  }
}
