{
  "name": "ext-iconset-typo3",
  "version": "1.0.0",
  "lockfileVersion": 3,
  "requires": true,
  "packages": {
    "": {
      "name": "ext-iconset-typo3",
      "version": "1.0.0",
      "dependencies": {
        "@typo3/icons": "^4.2.0"
      }
    },
    "node_modules/@typo3/icons": {
      "version": "4.2.0",
      "resolved": "https://registry.npmjs.org/@typo3/icons/-/icons-4.2.0.tgz",
      "integrity": "sha512-xtvmgcSUI8MsMJL9YUdXtHywLBKre7UrdDZkkMg/kCZKWEVn4QbH5kjnQIFBEXHV3dQnOCnZ7IjX4yLCA1AbbQ=="
    }
  }
}
